{
    "_meta": {
        "hash": {
            "sha256": "1e4bde12f0c6fbe9f98bbf376d1b13f9a7a2ebecc7fb9d507e92c0c1598ec90c"
        },
        "pipfile-spec": 6,
        "requires": {
            "python_version": "3.6"
        },
        "sources": [
            {
                "name": "pypi",
                "url": "https://pypi.org/simple",
                "verify_ssl": true
            }
        ]
    },
    "default": {
        "aioamqp": {
            "hashes": [
                "sha256:2fa0c7b1199f196f7bc04d3a486fea1a0ed44387bf0d2241a823116a6dfdadff",
                "sha256:c618af6d005942a2a8711f7548348f9028fac2673f0dc2d192310cef83486204"
            ],
            "index": "pypi",
            "version": "==0.10.0"
        },
        "aiocometd": {
            "hashes": [
                "sha256:26527833a161980cae512394560da7594105bd70cca1ab8dd22a27d483492e3c",
                "sha256:ff4ae09d847f824cd22011f5d789d24f1242fa9ffe96bdb7d9a9732ad9ce7ea0"
            ],
            "version": "==0.3.0"
        },
        "aiohttp": {
            "hashes": [
                "sha256:16ac24a3278375d277dacf992ac07084865c3aad3e625fc5be693c4b7e7f550d",
                "sha256:2c56cf25b61f5be1f30e718b3865deadf687b2d2e8266441bc64e9ec401f5703",
                "sha256:421ba132f3fe091a9482b2f28e4e510408bf4591eefb2e5881b2d2cba79f563d",
                "sha256:467c2208192943ea497b287d06444dc8483296857600157affc463f53c629f62",
                "sha256:4969022967b7c7b141711842151d937ca3ccbea485d18b4f154c3f5582df866c",
                "sha256:86224c3200a90fdf4bf6eda66c8e6db09d49c85c8c1065224354fb5f6f1ccffe",
                "sha256:90236edee174b2ae1a9ccee08940f89466076db33edd212d6aeef9ff7f1af48c",
                "sha256:9aa0bbd1967fef07abda7c9117cbac63226146020abe2a3ac8a9b0ce33f50ee5",
                "sha256:9aa0f69463d33d028b1f75872886f56a7411925a2aa563ac15f29a0af919a07d",
                "sha256:a45330dacdf3a3cebd0b74c0b5e0bc4982f0dbb757d5df021b52049a94a2bce0",
                "sha256:ace77e76c94aac79104229b3a589cd26d55f52769cb458befab3342b93a3c9eb",
                "sha256:c07054f3971af9035aa7295d4faa05bafc1ddd4af5cc92c0901600a5e97d1962",
                "sha256:e8d97bd24a556ae513d8bccd080421d27b5ae68adf9530fec8c9954f4aa90bb8",
                "sha256:fca7f31bddbca4114c4bb36380f4c85608c09c39902cd5f33764053ad70c2fc5",
                "sha256:fecc50a3c5ec6baf8dd41d5e739d1dec5d0741ac479fa4e209d770008aeb58a1"
            ],
            "index": "pypi",
            "version": "==3.3.1"
        },
        "aioredis": {
            "hashes": [
                "sha256:9ffa0f9ea4076e5caedf55f095ea758f5137c7d1cd06cd9916081f4320fdaa4d",
                "sha256:d3adfc3295a91a97cab472751e26ff85949566a131cebb27a778e49aa0638c1a"
            ],
            "index": "pypi",
            "version": "==1.1.0"
        },
        "aiosfstream": {
            "hashes": [
                "sha256:37bd0065d4aff319dd53440d54430b5da76b8ee6b006868a5419dde28b272d32",
                "sha256:3d20ec9c688a40fe657f0c31e106442ea15b272fcaef7cd147726cea82878cf4"
            ],
            "index": "pypi",
            "version": "==0.2.1"
        },
        "async-timeout": {
            "hashes": [
                "sha256:474d4bc64cee20603e225eb1ece15e248962958b45a3648a9f5cc29e827a610c",
                "sha256:b3c0ddc416736619bd4a95ca31de8da6920c3b9a140c64dbef2b2fa7bf521287"
            ],
            "version": "==3.0.0"
        },
        "attrs": {
            "hashes": [
                "sha256:4b90b09eeeb9b88c35bc642cbac057e45a5fd85367b985bd2809c62b7b939265",
                "sha256:e0d0eb91441a3b53dab4d9b743eafc1ac44476296a2053b6ca3af0b139faf87b"
            ],
            "version": "==18.1.0"
        },
        "chardet": {
            "hashes": [
                "sha256:84ab92ed1c4d4f16916e05906b6b75a6c0fb5db821cc65e70cbd64a3e2a5eaae",
                "sha256:fc323ffcaeaed0e0a02bf4d117757b98aed530d9ed4531e3e15460124c106691"
            ],
            "version": "==3.0.4"
        },
        "click": {
            "hashes": [
                "sha256:29f99fc6125fbc931b758dc053b3114e55c77a6e4c6c3a2674a2dc986016381d",
                "sha256:f15516df478d5a56180fbf80e68f206010e6d160fc39fa508b65e035fd75130b"
            ],
            "index": "pypi",
            "version": "==6.7"
        },
        "decorator": {
            "hashes": [
                "sha256:2c51dff8ef3c447388fe5e4453d24a2bf128d3a4c32af3fabef1f01c6851ab82",
                "sha256:c39efa13fbdeb4506c476c9b3babf6a718da943dab7811c206005a4a956c080c"
            ],
            "version": "==4.3.0"
        },
        "hiredis": {
            "hashes": [
                "sha256:ca958e13128e49674aa4a96f02746f5de5973f39b57297b84d59fd44d314d5b5"
            ],
            "version": "==0.2.0"
        },
        "idna": {
            "hashes": [
                "sha256:2c6a5de3089009e3da7c5dde64a141dbc8551d5b7f6cf4ed7c2568d0cc520a8f",
                "sha256:8c7309c718f94b3a625cb648ace320157ad16ff131ae0af362c9f21b80ef6ec4"
            ],
            "version": "==2.6"
        },
        "idna-ssl": {
            "hashes": [
                "sha256:1293f030bc608e9aa9cdee72aa93c1521bbb9c7698068c61c9ada6772162b979"
            ],
            "version": "==1.0.1"
        },
        "jsonpath-rw": {
            "hashes": [
                "sha256:05c471281c45ae113f6103d1268ec7a4831a2e96aa80de45edc89b11fac4fbec"
            ],
            "version": "==1.4.0"
        },
        "jsonpath-rw-ext": {
            "editable": true,
            "git": "https://github.com/sileht/python-jsonpath-rw-ext.git",
            "ref": "75beb8a36abc8949c68b7ef9e20992bae9e9eb7a"
        },
        "marshmallow": {
            "hashes": [
                "sha256:6ead3c21519714521882f2d76082f6d7cb51be2b6c443bdeea70248f8f3be012",
                "sha256:c6b162ce3544cb4acbe8ce7676ec61aac9fa0a69714be10ded5163e7195d4e11"
            ],
            "index": "pypi",
            "version": "==3.0.0b11"
        },
        "multidict": {
            "hashes": [
                "sha256:1a1d76374a1e7fe93acef96b354a03c1d7f83e7512e225a527d283da0d7ba5e0",
                "sha256:1d6e191965505652f194bc4c40270a842922685918a4f45e6936a6b15cc5816d",
                "sha256:295961a6a88f1199e19968e15d9b42f3a191c89ec13034dbc212bf9c394c3c82",
                "sha256:2be5af084de6c3b8e20d6421cb0346378a9c867dcf7c86030d6b0b550f9888e4",
                "sha256:2eb99617c7a0e9f2b90b64bc1fb742611718618572747d6f3d6532b7b78755ab",
                "sha256:4ba654c6b5ad1ae4a4d792abeb695b29ce981bb0f157a41d0fd227b385f2bef0",
                "sha256:5ba766433c30d703f6b2c17eb0b6826c6f898e5f58d89373e235f07764952314",
                "sha256:a59d58ee85b11f337b54933e8d758b2356fcdcc493248e004c9c5e5d11eedbe4",
                "sha256:a6e35d28900cf87bcc11e6ca9e474db0099b78f0be0a41d95bef02d49101b5b2",
                "sha256:b4df7ca9c01018a51e43937eaa41f2f5dce17a6382fda0086403bcb1f5c2cf8e",
                "sha256:bbd5a6bffd3ba8bfe75b16b5e28af15265538e8be011b0b9fddc7d86a453fd4a",
                "sha256:d870f399fcd58a1889e93008762a3b9a27cf7ea512818fc6e689f59495648355",
                "sha256:e9404e2e19e901121c3c5c6cffd5a8ae0d1d67919c970e3b3262231175713068"
            ],
            "version": "==4.3.1"
        },
        "pbr": {
            "hashes": [
                "sha256:3747c6f017f2dc099986c325239661948f9f5176f6880d9fdef164cb664cd665",
                "sha256:a9c27eb8f0e24e786e544b2dbaedb729c9d8546342b5a6818d8eda098ad4340d"
            ],
            "version": "==4.0.4"
        },
        "ply": {
            "hashes": [
                "sha256:00c7c1aaa88358b9c765b6d3000c6eec0ba42abca5351b095321aef446081da3",
                "sha256:096f9b8350b65ebd2fd1346b12452efe5b9607f7482813ffca50c22722a807ce"
            ],
            "version": "==3.11"
        },
        "pyyaml": {
            "hashes": [
                "sha256:0c507b7f74b3d2dd4d1322ec8a94794927305ab4cebbe89cc47fe5e81541e6e8",
                "sha256:16b20e970597e051997d90dc2cddc713a2876c47e3d92d59ee198700c5427736",
                "sha256:3262c96a1ca437e7e4763e2843746588a965426550f3797a79fca9c6199c431f",
                "sha256:326420cbb492172dec84b0f65c80942de6cedb5233c413dd824483989c000608",
                "sha256:4474f8ea030b5127225b8894d626bb66c01cda098d47a2b0d3429b6700af9fd8",
                "sha256:592766c6303207a20efc445587778322d7f73b161bd994f227adaa341ba212ab",
                "sha256:5ac82e411044fb129bae5cfbeb3ba626acb2af31a8d17d175004b70862a741a7",
                "sha256:5f84523c076ad14ff5e6c037fe1c89a7f73a3e04cf0377cb4d017014976433f3",
                "sha256:827dc04b8fa7d07c44de11fabbc888e627fa8293b695e0f99cb544fdfa1bf0d1",
                "sha256:b4c423ab23291d3945ac61346feeb9a0dc4184999ede5e7c43e1ffb975130ae6",
                "sha256:bc6bced57f826ca7cb5125a10b23fd0f2fff3b7c4701d64c439a300ce665fff8",
                "sha256:c01b880ec30b5a6e6aa67b09a2fe3fb30473008c85cd6a67359a1b15ed6d83a4",
                "sha256:ca233c64c6e40eaa6c66ef97058cdc80e8d0157a443655baa1b2966e812807ca",
                "sha256:e863072cdf4c72eebf179342c94e6989c67185842d9997960b3e69290b2fa269"
            ],
            "index": "pypi",
            "version": "==3.12"
        },
        "six": {
            "hashes": [
                "sha256:70e8a77beed4562e7f14fe23a786b54f6296e34344c23bc42f07b15018ff98e9",
                "sha256:832dc0e10feb1aa2c68dcc57dbb658f1c7e65b9b61af69048abc87a2db00a0eb"
            ],
            "version": "==1.11.0"
        },
        "ujson": {
            "hashes": [
                "sha256:f66073e5506e91d204ab0c614a148d5aa938bdbf104751be66f8ad7a222f5f86"
            ],
            "index": "pypi",
            "version": "==1.35"
        },
        "yarl": {
            "hashes": [
                "sha256:135f8cc72e4f46bbdca229e1fbc9960e984a16488dd3367431ddb7501f9cc507",
                "sha256:3dc28e1d2a0a8bcc44715d284c816725e310c178626692073ecdc4eb11a853d0",
                "sha256:40632b38f355cec13c3760bbc5943075997c4592bbc765c3b83df1df0a7eca08",
                "sha256:7e03ce8595522aa1c234a2b42d643be55f796e546d0f36700a1cb02dbe24e147",
                "sha256:83ee1bbb20c96fdf5e3a5d9681624cdcde2abe3bb985361140c29dfb3788b008",
                "sha256:ae20db1fbc7fff7d7dffd38ab1a2b83dd76157b138b80b813931a8e302cd4d7e",
                "sha256:cead78320aaa21601435cfc04ed0eff14df39800e93b79d7374562cafa9be2fa",
                "sha256:cfccc464e1502028d225f694b05b70053d9872a2b81f872fd79b0d0a399e87e8",
                "sha256:dd5da4150a882f5cd26aeec7939f38e4b08b790717b9d696409dba9e18ff3ab6"
            ],
            "version": "==1.2.5"
        }
    },
    "develop": {
        "alabaster": {
            "hashes": [
                "sha256:2eef172f44e8d301d25aff8068fddd65f767a3f04b5f15b0f4922f113aa1c732",
                "sha256:37cdcb9e9954ed60912ebc1ca12a9d12178c26637abdf124e3cde2341c257fe0"
            ],
            "version": "==0.7.10"
        },
        "astroid": {
            "hashes": [
                "sha256:b7787562a4757d7101ca6270a06e5246c1dcd1a4851d4bb2421a6baae4b09c1b",
                "sha256:f14913e18b71e6a86e05aeec80b8bd09286dff8a6e34c3cc71d67fa3d726aec7"
            ],
            "version": "==2.0.0.dev1"
        },
        "asynctest": {
            "hashes": [
                "sha256:3cc304cfb59608d09fb302acbe086feafa010b0a9254b1b04c4c75f2265767fc",
                "sha256:afd030357379ea52193c14ed73f97866a8076ba83e402f12dc0c717c7723a18d"
            ],
            "index": "pypi",
            "version": "==0.12.1"
        },
        "babel": {
            "hashes": [
                "sha256:6778d85147d5d85345c14a26aada5e478ab04e39b078b0745ee6870c2b5cf669",
                "sha256:8cba50f48c529ca3fa18cf81fa9403be176d374ac4d60738b839122dfaaa3d23"
            ],
            "version": "==2.6.0"
        },
        "certifi": {
            "hashes": [
                "sha256:13e698f54293db9f89122b0581843a782ad0934a4fe0172d2a980ba77fc61bb7",
                "sha256:9fa520c1bacfb634fa7af20a76bcbd3d5fb390481724c597da32c719a7dca4b0"
            ],
            "version": "==2018.4.16"
        },
        "chardet": {
            "hashes": [
                "sha256:84ab92ed1c4d4f16916e05906b6b75a6c0fb5db821cc65e70cbd64a3e2a5eaae",
                "sha256:fc323ffcaeaed0e0a02bf4d117757b98aed530d9ed4531e3e15460124c106691"
            ],
            "version": "==3.0.4"
        },
        "coverage": {
            "hashes": [
                "sha256:10cfac276cf3dd0acefc49444fc4e1a0a4c23c855d9fcbd555681c3a47a328e6",
                "sha256:18797137634b64fe488b239d3709e5f8fdea80aea09f86ec819c633a2c84f79c",
                "sha256:1a54b37e265dd81922f32eff50559630905770cdf8a8e560aa5a4f3297e5d5bf",
                "sha256:245709d580be9c7a5f8e2aeebab889f571ac323ff34bdde497072e82c0295546",
                "sha256:316881a28d2a1a5853495092267fcacf245805b4139f0fc996f8a6c4be6fb499",
                "sha256:3368098e2c633ec6b2af4f91abde94b5c3b8fa66857452137485f40be77aeda6",
                "sha256:33e0aa553d256b0daf43e0026db3bd415eb4b94c8dc7984afb84c10efa51a83b",
                "sha256:35fe7a6c06851c4c6a4c171eb796d27e023f5a1ce1e25837ea720f5b8cb76fce",
                "sha256:3a1c8ed67a64627ef317de64356731f8f173b76457672e933db896c080e1cc2b",
                "sha256:3e79318f0ddb197e775a742cc44807b1e9f3b8a57325f422fe547d3e0ca01b86",
                "sha256:59fa7e9857205b8d6f6fce0eaea07409bcdffd68eaec3db7e0b1ac720d4fe0f3",
                "sha256:6b2e2ef7572b399b0cc2f6d05c06ada40329166d6fc58beef8081fb94a41201f",
                "sha256:712599fc602c302c540fe7e83b6d82aaf381ec5bfb4a51dc5c30f57d214d649f",
                "sha256:773c0e658503538554516f5f901e775cda760648d8d2b988e16f187812c0c089",
                "sha256:7c8dbbc9e5480856125511f11a5c735cff3200e367adc3ba342dad506a25407d",
                "sha256:7fc25906ecb0a6af0c434370da6cfbcf8badb257c5cf9a6464f5e37fe4ebc949",
                "sha256:88d81556e00ac7e1cc9e70a2376859f41e46d187b6dd5883422aa537505f8a98",
                "sha256:91a915f5fc88db7adace367e8ef65d1a418d29f7ade62514d604eed87c861355",
                "sha256:9f696b90ff4886ba5a277995397a13b0600bfd97c70d8ae4241c2aecea11ee61",
                "sha256:a863f4540446d7eeaf6bf716aee277eaf38842718e86bdb80cdca78cdf1fed0d",
                "sha256:ab3981817dcec2dd9ea552e46538ee2e34480ec623fc365019ddae82bc9be143",
                "sha256:b3b6d8d8194e7e1300240402dfd9c54840d03621e69da821d8ffc8bbebe00137",
                "sha256:c296ac03ba12e184bef03387d89c4a0be79daff214294917ce77df32240bf4d8",
                "sha256:c75b3de73cc7ba2e911a907322c65dd10da216f37e7477f22dbd0098775f6345",
                "sha256:c87c9ee13ce431305734b8e3f0bf00468a1d4f4ee60b6ef63c69282776ab94d6",
                "sha256:c89c895ff5cfda45a5f681514b647986f76a4f984df125d210c154e5a1a2472b",
                "sha256:c9fa8fbda281b1ddf25b8fa7ccf0564198a86c9da8a413111fcadd510a98a232",
                "sha256:ccdf1bd8fd848690fb3d5153d0c54c41169e59804acb9652664f5f669fe25c11"
            ],
            "index": "pypi",
            "version": "==5.0a1"
        },
        "docutils": {
            "hashes": [
                "sha256:02aec4bd92ab067f6ff27a38a38a41173bf01bed8f89157768c1573f53e474a6",
                "sha256:51e64ef2ebfb29cae1faa133b3710143496eca21c530f3f71424d77687764274",
                "sha256:7a4bd47eaf6596e1295ecb11361139febe29b084a87bf005bf899f9a42edc3c6"
            ],
            "version": "==0.14"
        },
        "flake8": {
            "hashes": [
                "sha256:7253265f7abd8b313e3892944044a365e3f4ac3fcdcfb4298f55ee9ddf188ba0",
                "sha256:c7841163e2b576d435799169b78703ad6ac1bbb0f199994fc05f700b2a90ea37"
            ],
            "index": "pypi",
            "version": "==3.5.0"
        },
        "idna": {
            "hashes": [
                "sha256:2c6a5de3089009e3da7c5dde64a141dbc8551d5b7f6cf4ed7c2568d0cc520a8f",
                "sha256:8c7309c718f94b3a625cb648ace320157ad16ff131ae0af362c9f21b80ef6ec4"
            ],
            "version": "==2.6"
        },
        "imagesize": {
            "hashes": [
                "sha256:3620cc0cadba3f7475f9940d22431fc4d407269f1be59ec9b8edcca26440cf18",
                "sha256:5b326e4678b6925158ccc66a9fa3122b6106d7c876ee32d7de6ce59385b96315"
            ],
            "version": "==1.0.0"
        },
        "isort": {
            "hashes": [
                "sha256:1153601da39a25b14ddc54955dbbacbb6b2d19135386699e2ad58517953b34af",
                "sha256:b9c40e9750f3d77e6e4d441d8b0266cf555e7cdabdcff33c4fd06366ca761ef8",
                "sha256:ec9ef8f4a9bc6f71eec99e1806bfa2de401650d996c59330782b89a5555c1497"
            ],
            "version": "==4.3.4"
        },
        "jinja2": {
            "hashes": [
                "sha256:74c935a1b8bb9a3947c50a54766a969d4846290e1e788ea44c1392163723c3bd",
                "sha256:f84be1bb0040caca4cea721fcbbbbd61f9be9464ca236387158b0feea01914a4"
            ],
            "version": "==2.10"
        },
        "lazy-object-proxy": {
            "hashes": [
                "sha256:0ce34342b419bd8f018e6666bfef729aec3edf62345a53b537a4dcc115746a33",
                "sha256:1b668120716eb7ee21d8a38815e5eb3bb8211117d9a90b0f8e21722c0758cc39",
                "sha256:209615b0fe4624d79e50220ce3310ca1a9445fd8e6d3572a896e7f9146bbf019",
                "sha256:27bf62cb2b1a2068d443ff7097ee33393f8483b570b475db8ebf7e1cba64f088",
                "sha256:27ea6fd1c02dcc78172a82fc37fcc0992a94e4cecf53cb6d73f11749825bd98b",
                "sha256:2c1b21b44ac9beb0fc848d3993924147ba45c4ebc24be19825e57aabbe74a99e",
                "sha256:2df72ab12046a3496a92476020a1a0abf78b2a7db9ff4dc2036b8dd980203ae6",
                "sha256:320ffd3de9699d3892048baee45ebfbbf9388a7d65d832d7e580243ade426d2b",
                "sha256:50e3b9a464d5d08cc5227413db0d1c4707b6172e4d4d915c1c70e4de0bbff1f5",
                "sha256:5276db7ff62bb7b52f77f1f51ed58850e315154249aceb42e7f4c611f0f847ff",
                "sha256:61a6cf00dcb1a7f0c773ed4acc509cb636af2d6337a08f362413c76b2b47a8dd",
                "sha256:6ae6c4cb59f199d8827c5a07546b2ab7e85d262acaccaacd49b62f53f7c456f7",
                "sha256:7661d401d60d8bf15bb5da39e4dd72f5d764c5aff5a86ef52a042506e3e970ff",
                "sha256:7bd527f36a605c914efca5d3d014170b2cb184723e423d26b1fb2fd9108e264d",
                "sha256:7cb54db3535c8686ea12e9535eb087d32421184eacc6939ef15ef50f83a5e7e2",
                "sha256:7f3a2d740291f7f2c111d86a1c4851b70fb000a6c8883a59660d95ad57b9df35",
                "sha256:81304b7d8e9c824d058087dcb89144842c8e0dea6d281c031f59f0acf66963d4",
                "sha256:933947e8b4fbe617a51528b09851685138b49d511af0b6c0da2539115d6d4514",
                "sha256:94223d7f060301b3a8c09c9b3bc3294b56b2188e7d8179c762a1cda72c979252",
                "sha256:ab3ca49afcb47058393b0122428358d2fbe0408cf99f1b58b295cfeb4ed39109",
                "sha256:bd6292f565ca46dee4e737ebcc20742e3b5be2b01556dafe169f6c65d088875f",
                "sha256:cb924aa3e4a3fb644d0c463cad5bc2572649a6a3f68a7f8e4fbe44aaa6d77e4c",
                "sha256:d0fc7a286feac9077ec52a927fc9fe8fe2fabab95426722be4c953c9a8bede92",
                "sha256:ddc34786490a6e4ec0a855d401034cbd1242ef186c20d79d2166d6a4bd449577",
                "sha256:e34b155e36fa9da7e1b7c738ed7767fc9491a62ec6af70fe9da4a057759edc2d",
                "sha256:e5b9e8f6bda48460b7b143c3821b21b452cb3a835e6bbd5dd33aa0c8d3f5137d",
                "sha256:e81ebf6c5ee9684be8f2c87563880f93eedd56dd2b6146d8a725b50b7e5adb0f",
                "sha256:eb91be369f945f10d3a49f5f9be8b3d0b93a4c2be8f8a5b83b0571b8123e0a7a",
                "sha256:f460d1ceb0e4a5dcb2a652db0904224f367c9b3c1470d5a7683c0480e582468b"
            ],
            "version": "==1.3.1"
        },
        "markupsafe": {
            "hashes": [
                "sha256:a6be69091dac236ea9c6bc7d012beab42010fa914c459791d627dad4910eb665"
            ],
            "version": "==1.0"
        },
        "mccabe": {
            "hashes": [
                "sha256:ab8a6258860da4b6677da4bd2fe5dc2c659cff31b3ee4f7f5d64e79735b80d42",
                "sha256:dd8d182285a0fe56bace7f45b5e7d1a6ebcbf524e8f3bd87eb0f125271b8831f"
            ],
            "version": "==0.6.1"
        },
        "packaging": {
            "hashes": [
                "sha256:e9215d2d2535d3ae866c3d6efc77d5b24a0192cce0ff20e42896cc0664f889c0",
                "sha256:f019b770dd64e585a99714f1fd5e01c7a8f11b45635aa953fd41c689a657375b"
            ],
            "version": "==17.1"
        },
        "pycodestyle": {
            "hashes": [
                "sha256:682256a5b318149ca0d2a9185d365d8864a768a28db66a84a2ea946bcc426766",
                "sha256:6c4245ade1edfad79c3446fadfc96b0de2759662dc29d07d80a6f27ad1ca6ba9"
            ],
            "version": "==2.3.1"
        },
        "pyflakes": {
            "hashes": [
                "sha256:08bd6a50edf8cffa9fa09a463063c425ecaaf10d1eb0335a7e8b1401aef89e6f",
                "sha256:8d616a382f243dbf19b54743f280b80198be0bca3a5396f1d2e1fca6223e8805"
            ],
            "version": "==1.6.0"
        },
        "pygments": {
            "hashes": [
                "sha256:78f3f434bcc5d6ee09020f92ba487f95ba50f1e3ef83ae96b9d5ffa1bab25c5d",
                "sha256:dbae1046def0efb574852fab9e90209b23f556367b5a320c0bcb871c77c3e8cc"
            ],
            "version": "==2.2.0"
        },
        "pylint": {
            "hashes": [
                "sha256:0990347c0f605927fadb2a9366a0b3d40bd19eb44e4312f0a1ef729a389b2f40",
                "sha256:19b902f93f2dc3fa45565e54b88702b28379be40107f509a8516dde152460d1f"
            ],
            "index": "pypi",
            "version": "==2.0.0.dev1"
        },
        "pyparsing": {
            "hashes": [
                "sha256:0832bcf47acd283788593e7a0f542407bd9550a55a8a8435214a1960e04bcb04",
                "sha256:281683241b25fe9b80ec9d66017485f6deff1af5cde372469134b56ca8447a07",
                "sha256:8f1e18d3fd36c6795bb7e02a39fd05c611ffc2596c1e0d995d34d67630426c18",
                "sha256:9e8143a3e15c13713506886badd96ca4b579a87fbdf49e550dbfc057d6cb218e",
                "sha256:b8b3117ed9bdf45e14dcc89345ce638ec7e0e29b2b579fa1ecf32ce45ebac8a5",
                "sha256:e4d45427c6e20a59bf4f88c639dcc03ce30d193112047f94012102f235853a58",
                "sha256:fee43f17a9c4087e7ed1605bd6df994c6173c1e977d7ade7b651292fab2bd010"
            ],
            "version": "==2.2.0"
        },
        "pytz": {
            "hashes": [
                "sha256:65ae0c8101309c45772196b21b74c46b2e5d11b6275c45d251b150d5da334555",
                "sha256:c06425302f2cf668f1bba7a0a03f3c1d34d4ebeef2c72003da308b3947c7f749"
            ],
            "version": "==2018.4"
        },
        "requests": {
            "hashes": [
                "sha256:6a1b267aa90cac58ac3a765d067950e7dbbf75b1da07e895d1f594193a40a38b",
                "sha256:9c443e7324ba5b85070c4a818ade28bfabedf16ea10206da1132edaa6dda237e"
            ],
            "version": "==2.18.4"
        },
        "six": {
            "hashes": [
                "sha256:70e8a77beed4562e7f14fe23a786b54f6296e34344c23bc42f07b15018ff98e9",
                "sha256:832dc0e10feb1aa2c68dcc57dbb658f1c7e65b9b61af69048abc87a2db00a0eb"
            ],
            "version": "==1.11.0"
        },
        "snowballstemmer": {
            "hashes": [
                "sha256:919f26a68b2c17a7634da993d91339e288964f93c274f1343e3bbbe2096e1128",
                "sha256:9f3bcd3c401c3e862ec0ebe6d2c069ebc012ce142cce209c098ccb5b09136e89"
            ],
            "version": "==1.2.1"
        },
        "sphinx": {
            "hashes": [
                "sha256:85f7e32c8ef07f4ba5aeca728e0f7717bef0789fba8458b8d9c5c294cad134f3",
                "sha256:d45480a229edf70d84ca9fae3784162b1bc75ee47e480ffe04a4b7f21a95d76d"
            ],
            "index": "pypi",
            "version": "==1.7.5"
        },
        "sphinxcontrib-websupport": {
            "hashes": [
                "sha256:68ca7ff70785cbe1e7bccc71a48b5b6d965d79ca50629606c7861a21b206d9dd",
                "sha256:9de47f375baf1ea07cdb3436ff39d7a9c76042c10a769c52353ec46e4e8fc3b9"
            ],
            "version": "==1.1.0"
        },
        "typed-ast": {
            "hashes": [
                "sha256:0948004fa228ae071054f5208840a1e88747a357ec1101c17217bfe99b299d58",
                "sha256:25d8feefe27eb0303b73545416b13d108c6067b846b543738a25ff304824ed9a",
                "sha256:29464a177d56e4e055b5f7b629935af7f49c196be47528cc94e0a7bf83fbc2b9",
                "sha256:2e214b72168ea0275efd6c884b114ab42e316de3ffa125b267e732ed2abda892",
                "sha256:3e0d5e48e3a23e9a4d1a9f698e32a542a4a288c871d33ed8df1b092a40f3a0f9",
                "sha256:519425deca5c2b2bdac49f77b2c5625781abbaf9a809d727d3a5596b30bb4ded",
                "sha256:57fe287f0cdd9ceaf69e7b71a2e94a24b5d268b35df251a88fef5cc241bf73aa",
                "sha256:668d0cec391d9aed1c6a388b0d5b97cd22e6073eaa5fbaa6d2946603b4871efe",
                "sha256:68ba70684990f59497680ff90d18e756a47bf4863c604098f10de9716b2c0bdd",
                "sha256:6de012d2b166fe7a4cdf505eee3aaa12192f7ba365beeefaca4ec10e31241a85",
                "sha256:79b91ebe5a28d349b6d0d323023350133e927b4de5b651a8aa2db69c761420c6",
                "sha256:8550177fa5d4c1f09b5e5f524411c44633c80ec69b24e0e98906dd761941ca46",
                "sha256:a8034021801bc0440f2e027c354b4eafd95891b573e12ff0418dec385c76785c",
                "sha256:bc978ac17468fe868ee589c795d06777f75496b1ed576d308002c8a5756fb9ea",
                "sha256:c05b41bc1deade9f90ddc5d988fe506208019ebba9f2578c622516fd201f5863",
                "sha256:c9b060bd1e5a26ab6e8267fd46fc9e02b54eb15fffb16d112d4c7b1c12987559",
                "sha256:edb04bdd45bfd76c8292c4d9654568efaedf76fe78eb246dde69bdb13b2dad87",
                "sha256:f19f2a4f547505fe9072e15f6f4ae714af51b5a681a97f187971f50c283193b6"
            ],
            "markers": "python_version < '3.7'",
            "version": "==1.1.0"
        },
        "urllib3": {
            "hashes": [
                "sha256:06330f386d6e4b195fbfc736b297f58c5a892e4440e54d294d7004e3a9bbea1b",
                "sha256:cc44da8e1145637334317feebd728bd869a35285b93cbb4cca2577da7e62db4f"
            ],
            "version": "==1.22"
        },
        "wrapt": {
            "hashes": [
                "sha256:d4d560d479f2c21e1b5443bbd15fe7ec4b37fe7e53d335d3b9b0a7b1226fe3c6"
            ],
            "version": "==1.10.11"
        }
    }
}
